
Microsoft Visual Studio Solution File, Format Version 12.00
# Visual Studio 2013
VisualStudioVersion = 12.0.31101.0
MinimumVisualStudioVersion = 10.0.40219.1
Project("{FAE04EC0-301F-11D3-BF4B-00C04F79EFBC}") = "TitleLib", "TitleLib\TitleLib.csproj", "{EB6A93F7-0EB6-4A90-8D12-D6FFF371A692}"
EndProject
Project("{2150E333-8FDC-42A3-9474-1A3956D46DE8}") = "Frimen", "Frimen", "{14D87906-C392-4007-89A2-6AF7A79F1EC4}"
EndProject
Project("{FAE04EC0-301F-11D3-BF4B-00C04F79EFBC}") = "AbstractFactory", "Frimen\AbstractFactory\AbstractFactory.csproj", "{3B293854-2F19-4DDD-9FE6-C754EDB36BE2}"
EndProject
Project("{FAE04EC0-301F-11D3-BF4B-00C04F79EFBC}") = "Adapter", "Frimen\Adapter\Adapter.csproj", "{8DD5D73C-B63E-48A3-8546-AE4C8436AE86}"
EndProject
Project("{FAE04EC0-301F-11D3-BF4B-00C04F79EFBC}") = "Command", "Frimen\Command\Command.csproj", "{67BCA4EF-A8D6-4799-A953-D1C6FD13F3B1}"
EndProject
Project("{FAE04EC0-301F-11D3-BF4B-00C04F79EFBC}") = "Composite", "Frimen\Composite\Composite.csproj", "{7E05B683-3B28-494D-B4E1-74D2767AC970}"
EndProject
Project("{FAE04EC0-301F-11D3-BF4B-00C04F79EFBC}") = "Decorator", "Frimen\Decorator\Decorator.csproj", "{0252A697-7341-4082-8098-A36B8796AFAE}"
EndProject
Project("{FAE04EC0-301F-11D3-BF4B-00C04F79EFBC}") = "Facade", "Frimen\Facade\Facade.csproj", "{1A38274E-A5BE-4A29-8B93-4FEF129CFDF6}"
EndProject
Project("{FAE04EC0-301F-11D3-BF4B-00C04F79EFBC}") = "FactoryMethod", "Frimen\FactoryMethod\FactoryMethod.csproj", "{19296D83-AA03-42A8-B579-BF8CD205E96C}"
EndProject
Project("{FAE04EC0-301F-11D3-BF4B-00C04F79EFBC}") = "Iterator", "Frimen\Iterator\Iterator.csproj", "{34EFA926-93CD-49B2-A597-A9E9C3C6F396}"
EndProject
Project("{FAE04EC0-301F-11D3-BF4B-00C04F79EFBC}") = "Observer", "Frimen\Observer\Observer.csproj", "{F6F16CA3-307E-4250-8133-C8D5B0D3463C}"
EndProject
Project("{FAE04EC0-301F-11D3-BF4B-00C04F79EFBC}") = "SimpleFactory", "Frimen\SimpleFactory\SimpleFactory.csproj", "{58718FB2-8149-4A08-B207-AD147779FC2C}"
EndProject
Project("{FAE04EC0-301F-11D3-BF4B-00C04F79EFBC}") = "Singlton", "Frimen\Singlton\Singlton.csproj", "{BE1A1B18-30BC-44B6-A1EF-CFCF4A0FD924}"
EndProject
Project("{FAE04EC0-301F-11D3-BF4B-00C04F79EFBC}") = "Strategy", "Frimen\Strategy\Strategy.csproj", "{E46EB517-0A54-4E9D-A845-7C8785D2DDF7}"
EndProject
Project("{FAE04EC0-301F-11D3-BF4B-00C04F79EFBC}") = "TemplateMethod", "Frimen\TtemplateMethod\TemplateMethod.csproj", "{990F3901-CD8F-4FDD-AFD7-53A2EDDB760B}"
EndProject
Global
	GlobalSection(SolutionConfigurationPlatforms) = preSolution
		Debug|Any CPU = Debug|Any CPU
		Release|Any CPU = Release|Any CPU
	EndGlobalSection
	GlobalSection(ProjectConfigurationPlatforms) = postSolution
		{EB6A93F7-0EB6-4A90-8D12-D6FFF371A692}.Debug|Any CPU.ActiveCfg = Debug|Any CPU
		{EB6A93F7-0EB6-4A90-8D12-D6FFF371A692}.Debug|Any CPU.Build.0 = Debug|Any CPU
		{EB6A93F7-0EB6-4A90-8D12-D6FFF371A692}.Release|Any CPU.ActiveCfg = Release|Any CPU
		{EB6A93F7-0EB6-4A90-8D12-D6FFF371A692}.Release|Any CPU.Build.0 = Release|Any CPU
		{3B293854-2F19-4DDD-9FE6-C754EDB36BE2}.Debug|Any CPU.ActiveCfg = Debug|Any CPU
		{3B293854-2F19-4DDD-9FE6-C754EDB36BE2}.Debug|Any CPU.Build.0 = Debug|Any CPU
		{3B293854-2F19-4DDD-9FE6-C754EDB36BE2}.Release|Any CPU.ActiveCfg = Release|Any CPU
		{3B293854-2F19-4DDD-9FE6-C754EDB36BE2}.Release|Any CPU.Build.0 = Release|Any CPU
		{8DD5D73C-B63E-48A3-8546-AE4C8436AE86}.Debug|Any CPU.ActiveCfg = Debug|Any CPU
		{8DD5D73C-B63E-48A3-8546-AE4C8436AE86}.Debug|Any CPU.Build.0 = Debug|Any CPU
		{8DD5D73C-B63E-48A3-8546-AE4C8436AE86}.Release|Any CPU.ActiveCfg = Release|Any CPU
		{8DD5D73C-B63E-48A3-8546-AE4C8436AE86}.Release|Any CPU.Build.0 = Release|Any CPU
		{67BCA4EF-A8D6-4799-A953-D1C6FD13F3B1}.Debug|Any CPU.ActiveCfg = Debug|Any CPU
		{67BCA4EF-A8D6-4799-A953-D1C6FD13F3B1}.Debug|Any CPU.Build.0 = Debug|Any CPU
		{67BCA4EF-A8D6-4799-A953-D1C6FD13F3B1}.Release|Any CPU.ActiveCfg = Release|Any CPU
		{67BCA4EF-A8D6-4799-A953-D1C6FD13F3B1}.Release|Any CPU.Build.0 = Release|Any CPU
		{7E05B683-3B28-494D-B4E1-74D2767AC970}.Debug|Any CPU.ActiveCfg = Debug|Any CPU
		{7E05B683-3B28-494D-B4E1-74D2767AC970}.Debug|Any CPU.Build.0 = Debug|Any CPU
		{7E05B683-3B28-494D-B4E1-74D2767AC970}.Release|Any CPU.ActiveCfg = Release|Any CPU
		{7E05B683-3B28-494D-B4E1-74D2767AC970}.Release|Any CPU.Build.0 = Release|Any CPU
		{0252A697-7341-4082-8098-A36B8796AFAE}.Debug|Any CPU.ActiveCfg = Debug|Any CPU
		{0252A697-7341-4082-8098-A36B8796AFAE}.Debug|Any CPU.Build.0 = Debug|Any CPU
		{0252A697-7341-4082-8098-A36B8796AFAE}.Release|Any CPU.ActiveCfg = Release|Any CPU
		{0252A697-7341-4082-8098-A36B8796AFAE}.Release|Any CPU.Build.0 = Release|Any CPU
		{1A38274E-A5BE-4A29-8B93-4FEF129CFDF6}.Debug|Any CPU.ActiveCfg = Debug|Any CPU
		{1A38274E-A5BE-4A29-8B93-4FEF129CFDF6}.Debug|Any CPU.Build.0 = Debug|Any CPU
		{1A38274E-A5BE-4A29-8B93-4FEF129CFDF6}.Release|Any CPU.ActiveCfg = Release|Any CPU
		{1A38274E-A5BE-4A29-8B93-4FEF129CFDF6}.Release|Any CPU.Build.0 = Release|Any CPU
		{19296D83-AA03-42A8-B579-BF8CD205E96C}.Debug|Any CPU.ActiveCfg = Debug|Any CPU
		{19296D83-AA03-42A8-B579-BF8CD205E96C}.Debug|Any CPU.Build.0 = Debug|Any CPU
		{19296D83-AA03-42A8-B579-BF8CD205E96C}.Release|Any CPU.ActiveCfg = Release|Any CPU
		{19296D83-AA03-42A8-B579-BF8CD205E96C}.Release|Any CPU.Build.0 = Release|Any CPU
		{34EFA926-93CD-49B2-A597-A9E9C3C6F396}.Debug|Any CPU.ActiveCfg = Debug|Any CPU
		{34EFA926-93CD-49B2-A597-A9E9C3C6F396}.Debug|Any CPU.Build.0 = Debug|Any CPU
		{34EFA926-93CD-49B2-A597-A9E9C3C6F396}.Release|Any CPU.ActiveCfg = Release|Any CPU
		{34EFA926-93CD-49B2-A597-A9E9C3C6F396}.Release|Any CPU.Build.0 = Release|Any CPU
		{F6F16CA3-307E-4250-8133-C8D5B0D3463C}.Debug|Any CPU.ActiveCfg = Debug|Any CPU
		{F6F16CA3-307E-4250-8133-C8D5B0D3463C}.Debug|Any CPU.Build.0 = Debug|Any CPU
		{F6F16CA3-307E-4250-8133-C8D5B0D3463C}.Release|Any CPU.ActiveCfg = Release|Any CPU
		{F6F16CA3-307E-4250-8133-C8D5B0D3463C}.Release|Any CPU.Build.0 = Release|Any CPU
		{58718FB2-8149-4A08-B207-AD147779FC2C}.Debug|Any CPU.ActiveCfg = Debug|Any CPU
		{58718FB2-8149-4A08-B207-AD147779FC2C}.Debug|Any CPU.Build.0 = Debug|Any CPU
		{58718FB2-8149-4A08-B207-AD147779FC2C}.Release|Any CPU.ActiveCfg = Release|Any CPU
		{58718FB2-8149-4A08-B207-AD147779FC2C}.Release|Any CPU.Build.0 = Release|Any CPU
		{BE1A1B18-30BC-44B6-A1EF-CFCF4A0FD924}.Debug|Any CPU.ActiveCfg = Debug|Any CPU
		{BE1A1B18-30BC-44B6-A1EF-CFCF4A0FD924}.Debug|Any CPU.Build.0 = Debug|Any CPU
		{BE1A1B18-30BC-44B6-A1EF-CFCF4A0FD924}.Release|Any CPU.ActiveCfg = Release|Any CPU
		{BE1A1B18-30BC-44B6-A1EF-CFCF4A0FD924}.Release|Any CPU.Build.0 = Release|Any CPU
		{E46EB517-0A54-4E9D-A845-7C8785D2DDF7}.Debug|Any CPU.ActiveCfg = Debug|Any CPU
		{E46EB517-0A54-4E9D-A845-7C8785D2DDF7}.Debug|Any CPU.Build.0 = Debug|Any CPU
		{E46EB517-0A54-4E9D-A845-7C8785D2DDF7}.Release|Any CPU.ActiveCfg = Release|Any CPU
		{E46EB517-0A54-4E9D-A845-7C8785D2DDF7}.Release|Any CPU.Build.0 = Release|Any CPU
		{990F3901-CD8F-4FDD-AFD7-53A2EDDB760B}.Debug|Any CPU.ActiveCfg = Debug|Any CPU
		{990F3901-CD8F-4FDD-AFD7-53A2EDDB760B}.Debug|Any CPU.Build.0 = Debug|Any CPU
		{990F3901-CD8F-4FDD-AFD7-53A2EDDB760B}.Release|Any CPU.ActiveCfg = Release|Any CPU
		{990F3901-CD8F-4FDD-AFD7-53A2EDDB760B}.Release|Any CPU.Build.0 = Release|Any CPU
	EndGlobalSection
	GlobalSection(SolutionProperties) = preSolution
		HideSolutionNode = FALSE
	EndGlobalSection
	GlobalSection(NestedProjects) = preSolution
		{3B293854-2F19-4DDD-9FE6-C754EDB36BE2} = {14D87906-C392-4007-89A2-6AF7A79F1EC4}
		{8DD5D73C-B63E-48A3-8546-AE4C8436AE86} = {14D87906-C392-4007-89A2-6AF7A79F1EC4}
		{67BCA4EF-A8D6-4799-A953-D1C6FD13F3B1} = {14D87906-C392-4007-89A2-6AF7A79F1EC4}
		{7E05B683-3B28-494D-B4E1-74D2767AC970} = {14D87906-C392-4007-89A2-6AF7A79F1EC4}
		{0252A697-7341-4082-8098-A36B8796AFAE} = {14D87906-C392-4007-89A2-6AF7A79F1EC4}
		{1A38274E-A5BE-4A29-8B93-4FEF129CFDF6} = {14D87906-C392-4007-89A2-6AF7A79F1EC4}
		{19296D83-AA03-42A8-B579-BF8CD205E96C} = {14D87906-C392-4007-89A2-6AF7A79F1EC4}
		{34EFA926-93CD-49B2-A597-A9E9C3C6F396} = {14D87906-C392-4007-89A2-6AF7A79F1EC4}
		{F6F16CA3-307E-4250-8133-C8D5B0D3463C} = {14D87906-C392-4007-89A2-6AF7A79F1EC4}
		{58718FB2-8149-4A08-B207-AD147779FC2C} = {14D87906-C392-4007-89A2-6AF7A79F1EC4}
		{BE1A1B18-30BC-44B6-A1EF-CFCF4A0FD924} = {14D87906-C392-4007-89A2-6AF7A79F1EC4}
		{E46EB517-0A54-4E9D-A845-7C8785D2DDF7} = {14D87906-C392-4007-89A2-6AF7A79F1EC4}
		{990F3901-CD8F-4FDD-AFD7-53A2EDDB760B} = {14D87906-C392-4007-89A2-6AF7A79F1EC4}
	EndGlobalSection
EndGlobal
